// !$*UTF8*$!
{
	archiveVersion = 1;
	classes = {
	};
	objectVersion = 52;
	objects = {

/* Begin PBXBuildFile section */
		3A60170F2530AF0A00B62EEF /* WebServiceTests.swift in Sources */ = {isa = PBXBuildFile; fileRef = 3A60170E2530AF0A00B62EEF /* WebServiceTests.swift */; };
		3A6CB096252768AB002FDC82 /* Publisher+WebService.swift in Sources */ = {isa = PBXBuildFile; fileRef = 3A6CB095252768AB002FDC82 /* Publisher+WebService.swift */; };
		3A6CB09825277886002FDC82 /* ResponseCarrier.swift in Sources */ = {isa = PBXBuildFile; fileRef = 3A6CB09725277886002FDC82 /* ResponseCarrier.swift */; };
		3A71BE6823F2B372009D092E /* HttpHeaderModifiable.swift in Sources */ = {isa = PBXBuildFile; fileRef = 3A71BE6723F2B372009D092E /* HttpHeaderModifiable.swift */; };
		3A71BE6C23F34BCA009D092E /* MockSession.swift in Sources */ = {isa = PBXBuildFile; fileRef = 3A71BE6B23F34BCA009D092E /* MockSession.swift */; };
		3A71BE6E23F3504F009D092E /* SampleResponse.swift in Sources */ = {isa = PBXBuildFile; fileRef = 3A71BE6D23F3504F009D092E /* SampleResponse.swift */; };
		3A7DD7C823F441C9001AED72 /* EntwineTest in Frameworks */ = {isa = PBXBuildFile; productRef = 3A7DD7C723F441C9001AED72 /* EntwineTest */; };
		3A7DD7CB23F449F2001AED72 /* AuthenticatedWebServiceTests.swift in Sources */ = {isa = PBXBuildFile; fileRef = 3A7DD7CA23F449F2001AED72 /* AuthenticatedWebServiceTests.swift */; };
		3AC7B89B23FD695500BCE0FE /* AsyncTokenRefreshTests.swift in Sources */ = {isa = PBXBuildFile; fileRef = 3AC7B89A23FD695500BCE0FE /* AsyncTokenRefreshTests.swift */; };
		3AE1AA10253499D5000C3DEB /* Publisher+HTTPStatusCodeMappingTests.swift in Sources */ = {isa = PBXBuildFile; fileRef = 3AE1AA0F253499D5000C3DEB /* Publisher+HTTPStatusCodeMappingTests.swift */; };
		3AE1AA1A2538D4DE000C3DEB /* Publisher+DecodableTests.swift in Sources */ = {isa = PBXBuildFile; fileRef = 3AE1AA192538D4DE000C3DEB /* Publisher+DecodableTests.swift */; };
		3AE34B2123F2056B00B453D7 /* fusion.framework in Frameworks */ = {isa = PBXBuildFile; fileRef = 3AE34B1723F2056B00B453D7 /* fusion.framework */; };
		3AE34B3223F211B500B453D7 /* SessionPublisherProtocol.swift in Sources */ = {isa = PBXBuildFile; fileRef = 3AE34B3123F211B500B453D7 /* SessionPublisherProtocol.swift */; };
		3AE34B3423F2124100B453D7 /* FusionError.swift in Sources */ = {isa = PBXBuildFile; fileRef = 3AE34B3323F2124100B453D7 /* FusionError.swift */; };
		3AE34B3623F2143900B453D7 /* WebServiceExecutable.swift in Sources */ = {isa = PBXBuildFile; fileRef = 3AE34B3523F2143900B453D7 /* WebServiceExecutable.swift */; };
		3AE34B3823F214C100B453D7 /* WebService.swift in Sources */ = {isa = PBXBuildFile; fileRef = 3AE34B3723F214C100B453D7 /* WebService.swift */; };
		3AE34B3F23F2232100B453D7 /* AuthenticatedWebService.swift in Sources */ = {isa = PBXBuildFile; fileRef = 3AE34B3E23F2232100B453D7 /* AuthenticatedWebService.swift */; };
		3AE34B4323F2245A00B453D7 /* AuthenticationTokenProvidable.swift in Sources */ = {isa = PBXBuildFile; fileRef = 3AE34B4223F2245A00B453D7 /* AuthenticationTokenProvidable.swift */; };
/* End PBXBuildFile section */

/* Begin PBXContainerItemProxy section */
		3AE34B2223F2056B00B453D7 /* PBXContainerItemProxy */ = {
			isa = PBXContainerItemProxy;
			containerPortal = 3AE34B0E23F2056B00B453D7 /* Project object */;
			proxyType = 1;
			remoteGlobalIDString = 3AE34B1623F2056B00B453D7;
			remoteInfo = fusion;
		};
/* End PBXContainerItemProxy section */

/* Begin PBXFileReference section */
		3A60170E2530AF0A00B62EEF /* WebServiceTests.swift */ = {isa = PBXFileReference; lastKnownFileType = sourcecode.swift; path = WebServiceTests.swift; sourceTree = "<group>"; };
		3A6CB095252768AB002FDC82 /* Publisher+WebService.swift */ = {isa = PBXFileReference; lastKnownFileType = sourcecode.swift; path = "Publisher+WebService.swift"; sourceTree = "<group>"; };
		3A6CB09725277886002FDC82 /* ResponseCarrier.swift */ = {isa = PBXFileReference; lastKnownFileType = sourcecode.swift; path = ResponseCarrier.swift; sourceTree = "<group>"; };
		3A71BE6723F2B372009D092E /* HttpHeaderModifiable.swift */ = {isa = PBXFileReference; indentWidth = 2; lastKnownFileType = sourcecode.swift; path = HttpHeaderModifiable.swift; sourceTree = "<group>"; tabWidth = 2; };
		3A71BE6B23F34BCA009D092E /* MockSession.swift */ = {isa = PBXFileReference; indentWidth = 2; lastKnownFileType = sourcecode.swift; path = MockSession.swift; sourceTree = "<group>"; tabWidth = 2; };
		3A71BE6D23F3504F009D092E /* SampleResponse.swift */ = {isa = PBXFileReference; lastKnownFileType = sourcecode.swift; path = SampleResponse.swift; sourceTree = "<group>"; };
		3A7DD7CA23F449F2001AED72 /* AuthenticatedWebServiceTests.swift */ = {isa = PBXFileReference; indentWidth = 2; lastKnownFileType = sourcecode.swift; path = AuthenticatedWebServiceTests.swift; sourceTree = "<group>"; tabWidth = 2; };
		3AC7B89A23FD695500BCE0FE /* AsyncTokenRefreshTests.swift */ = {isa = PBXFileReference; indentWidth = 2; lastKnownFileType = sourcecode.swift; path = AsyncTokenRefreshTests.swift; sourceTree = "<group>"; tabWidth = 2; };
		3AE1AA0F253499D5000C3DEB /* Publisher+HTTPStatusCodeMappingTests.swift */ = {isa = PBXFileReference; lastKnownFileType = sourcecode.swift; path = "Publisher+HTTPStatusCodeMappingTests.swift"; sourceTree = "<group>"; };
		3AE1AA192538D4DE000C3DEB /* Publisher+DecodableTests.swift */ = {isa = PBXFileReference; lastKnownFileType = sourcecode.swift; path = "Publisher+DecodableTests.swift"; sourceTree = "<group>"; };
		3AE34B1723F2056B00B453D7 /* fusion.framework */ = {isa = PBXFileReference; explicitFileType = wrapper.framework; includeInIndex = 0; path = fusion.framework; sourceTree = BUILT_PRODUCTS_DIR; };
		3AE34B1B23F2056B00B453D7 /* Info.plist */ = {isa = PBXFileReference; lastKnownFileType = text.plist.xml; path = Info.plist; sourceTree = "<group>"; };
		3AE34B2023F2056B00B453D7 /* fusionTests.xctest */ = {isa = PBXFileReference; explicitFileType = wrapper.cfbundle; includeInIndex = 0; path = fusionTests.xctest; sourceTree = BUILT_PRODUCTS_DIR; };
		3AE34B2723F2056B00B453D7 /* Info.plist */ = {isa = PBXFileReference; lastKnownFileType = text.plist.xml; path = Info.plist; sourceTree = "<group>"; };
		3AE34B3123F211B500B453D7 /* SessionPublisherProtocol.swift */ = {isa = PBXFileReference; indentWidth = 2; lastKnownFileType = sourcecode.swift; path = SessionPublisherProtocol.swift; sourceTree = "<group>"; tabWidth = 2; };
		3AE34B3323F2124100B453D7 /* FusionError.swift */ = {isa = PBXFileReference; indentWidth = 2; lastKnownFileType = sourcecode.swift; path = FusionError.swift; sourceTree = "<group>"; tabWidth = 2; };
		3AE34B3523F2143900B453D7 /* WebServiceExecutable.swift */ = {isa = PBXFileReference; indentWidth = 2; lastKnownFileType = sourcecode.swift; path = WebServiceExecutable.swift; sourceTree = "<group>"; tabWidth = 2; };
		3AE34B3723F214C100B453D7 /* WebService.swift */ = {isa = PBXFileReference; indentWidth = 2; lastKnownFileType = sourcecode.swift; path = WebService.swift; sourceTree = "<group>"; tabWidth = 2; };
		3AE34B3E23F2232100B453D7 /* AuthenticatedWebService.swift */ = {isa = PBXFileReference; indentWidth = 2; lastKnownFileType = sourcecode.swift; path = AuthenticatedWebService.swift; sourceTree = "<group>"; tabWidth = 2; };
		3AE34B4223F2245A00B453D7 /* AuthenticationTokenProvidable.swift */ = {isa = PBXFileReference; indentWidth = 2; lastKnownFileType = sourcecode.swift; path = AuthenticationTokenProvidable.swift; sourceTree = "<group>"; tabWidth = 2; };
/* End PBXFileReference section */

/* Begin PBXFrameworksBuildPhase section */
		3AE34B1423F2056B00B453D7 /* Frameworks */ = {
			isa = PBXFrameworksBuildPhase;
			buildActionMask = 2147483647;
			files = (
			);
			runOnlyForDeploymentPostprocessing = 0;
		};
		3AE34B1D23F2056B00B453D7 /* Frameworks */ = {
			isa = PBXFrameworksBuildPhase;
			buildActionMask = 2147483647;
			files = (
				3AE34B2123F2056B00B453D7 /* fusion.framework in Frameworks */,
				3A7DD7C823F441C9001AED72 /* EntwineTest in Frameworks */,
			);
			runOnlyForDeploymentPostprocessing = 0;
		};
/* End PBXFrameworksBuildPhase section */

/* Begin PBXGroup section */
		3A71BE6F23F358E8009D092E /* WebService */ = {
			isa = PBXGroup;
			children = (
				3A60170E2530AF0A00B62EEF /* WebServiceTests.swift */,
				3A7DD7C923F449C9001AED72 /* AuthenticatedWebService */,
			);
			path = WebService;
			sourceTree = "<group>";
		};
		3A7DD7C923F449C9001AED72 /* AuthenticatedWebService */ = {
			isa = PBXGroup;
			children = (
				3A7DD7CA23F449F2001AED72 /* AuthenticatedWebServiceTests.swift */,
				3AC7B89A23FD695500BCE0FE /* AsyncTokenRefreshTests.swift */,
			);
			path = AuthenticatedWebService;
			sourceTree = "<group>";
		};
		3AE34B0D23F2056B00B453D7 = {
			isa = PBXGroup;
			children = (
				3AE34B1B23F2056B00B453D7 /* Info.plist */,
				3AE34B3B23F21B7500B453D7 /* Sources */,
				3AE34B2423F2056B00B453D7 /* Tests */,
				3AE34B1823F2056B00B453D7 /* Products */,
			);
			sourceTree = "<group>";
		};
		3AE34B1823F2056B00B453D7 /* Products */ = {
			isa = PBXGroup;
			children = (
				3AE34B1723F2056B00B453D7 /* fusion.framework */,
				3AE34B2023F2056B00B453D7 /* fusionTests.xctest */,
			);
			name = Products;
			sourceTree = "<group>";
		};
		3AE34B2423F2056B00B453D7 /* Tests */ = {
			isa = PBXGroup;
			children = (
				3AE1AA0F253499D5000C3DEB /* Publisher+HTTPStatusCodeMappingTests.swift */,
				3AE1AA192538D4DE000C3DEB /* Publisher+DecodableTests.swift */,
				3A71BE6F23F358E8009D092E /* WebService */,
				3AE34B2723F2056B00B453D7 /* Info.plist */,
				3A71BE6B23F34BCA009D092E /* MockSession.swift */,
				3A71BE6D23F3504F009D092E /* SampleResponse.swift */,
			);
			path = Tests;
			sourceTree = "<group>";
		};
		3AE34B3B23F21B7500B453D7 /* Sources */ = {
			isa = PBXGroup;
			children = (
				3A6CB09725277886002FDC82 /* ResponseCarrier.swift */,
				3AE34B3323F2124100B453D7 /* FusionError.swift */,
				3AE34B3123F211B500B453D7 /* SessionPublisherProtocol.swift */,
				3AE34B3523F2143900B453D7 /* WebServiceExecutable.swift */,
				3A71BE6723F2B372009D092E /* HttpHeaderModifiable.swift */,
				3AE34B4123F2235F00B453D7 /* WebService */,
				3A6CB095252768AB002FDC82 /* Publisher+WebService.swift */,
			);
			path = Sources;
			sourceTree = "<group>";
		};
		3AE34B4023F2235500B453D7 /* AuthenticatedWebService */ = {
			isa = PBXGroup;
			children = (
				3AE34B3E23F2232100B453D7 /* AuthenticatedWebService.swift */,
				3AE34B4223F2245A00B453D7 /* AuthenticationTokenProvidable.swift */,
			);
			path = AuthenticatedWebService;
			sourceTree = "<group>";
		};
		3AE34B4123F2235F00B453D7 /* WebService */ = {
			isa = PBXGroup;
			children = (
				3AE34B3723F214C100B453D7 /* WebService.swift */,
				3AE34B4023F2235500B453D7 /* AuthenticatedWebService */,
			);
			path = WebService;
			sourceTree = "<group>";
		};
/* End PBXGroup section */

/* Begin PBXHeadersBuildPhase section */
		3AE34B1223F2056B00B453D7 /* Headers */ = {
			isa = PBXHeadersBuildPhase;
			buildActionMask = 2147483647;
			files = (
			);
			runOnlyForDeploymentPostprocessing = 0;
		};
/* End PBXHeadersBuildPhase section */

/* Begin PBXNativeTarget section */
		3AE34B1623F2056B00B453D7 /* fusion */ = {
			isa = PBXNativeTarget;
			buildConfigurationList = 3AE34B2B23F2056B00B453D7 /* Build configuration list for PBXNativeTarget "fusion" */;
			buildPhases = (
				3AE34B1223F2056B00B453D7 /* Headers */,
				3AE34B1323F2056B00B453D7 /* Sources */,
				3AE34B1423F2056B00B453D7 /* Frameworks */,
				3AE34B1523F2056B00B453D7 /* Resources */,
			);
			buildRules = (
			);
			dependencies = (
			);
			name = fusion;
			productName = fusion;
			productReference = 3AE34B1723F2056B00B453D7 /* fusion.framework */;
			productType = "com.apple.product-type.framework";
		};
		3AE34B1F23F2056B00B453D7 /* fusionTests */ = {
			isa = PBXNativeTarget;
			buildConfigurationList = 3AE34B2E23F2056B00B453D7 /* Build configuration list for PBXNativeTarget "fusionTests" */;
			buildPhases = (
				3AE34B1C23F2056B00B453D7 /* Sources */,
				3AE34B1D23F2056B00B453D7 /* Frameworks */,
				3AE34B1E23F2056B00B453D7 /* Resources */,
			);
			buildRules = (
			);
			dependencies = (
				3AE34B2323F2056B00B453D7 /* PBXTargetDependency */,
			);
			name = fusionTests;
			packageProductDependencies = (
				3A7DD7C723F441C9001AED72 /* EntwineTest */,
			);
			productName = fusionTests;
			productReference = 3AE34B2023F2056B00B453D7 /* fusionTests.xctest */;
			productType = "com.apple.product-type.bundle.unit-test";
		};
/* End PBXNativeTarget section */

/* Begin PBXProject section */
		3AE34B0E23F2056B00B453D7 /* Project object */ = {
			isa = PBXProject;
			attributes = {
				LastSwiftUpdateCheck = 1130;
				LastUpgradeCheck = 1200;
				ORGANIZATIONNAME = "Eren Kabakci";
				TargetAttributes = {
					3AE34B1623F2056B00B453D7 = {
						CreatedOnToolsVersion = 11.3.1;
						LastSwiftMigration = 1130;
					};
					3AE34B1F23F2056B00B453D7 = {
						CreatedOnToolsVersion = 11.3.1;
						LastSwiftMigration = 1130;
					};
				};
			};
			buildConfigurationList = 3AE34B1123F2056B00B453D7 /* Build configuration list for PBXProject "fusion" */;
			compatibilityVersion = "Xcode 9.3";
			developmentRegion = en;
			hasScannedForEncodings = 0;
			knownRegions = (
				en,
				Base,
			);
			mainGroup = 3AE34B0D23F2056B00B453D7;
			packageReferences = (
				3A7DD7C623F441C9001AED72 /* XCRemoteSwiftPackageReference "Entwine" */,
			);
			productRefGroup = 3AE34B1823F2056B00B453D7 /* Products */;
			projectDirPath = "";
			projectRoot = "";
			targets = (
				3AE34B1623F2056B00B453D7 /* fusion */,
				3AE34B1F23F2056B00B453D7 /* fusionTests */,
			);
		};
/* End PBXProject section */

/* Begin PBXResourcesBuildPhase section */
		3AE34B1523F2056B00B453D7 /* Resources */ = {
			isa = PBXResourcesBuildPhase;
			buildActionMask = 2147483647;
			files = (
			);
			runOnlyForDeploymentPostprocessing = 0;
		};
		3AE34B1E23F2056B00B453D7 /* Resources */ = {
			isa = PBXResourcesBuildPhase;
			buildActionMask = 2147483647;
			files = (
			);
			runOnlyForDeploymentPostprocessing = 0;
		};
/* End PBXResourcesBuildPhase section */

/* Begin PBXSourcesBuildPhase section */
		3AE34B1323F2056B00B453D7 /* Sources */ = {
			isa = PBXSourcesBuildPhase;
			buildActionMask = 2147483647;
			files = (
				3AE34B3223F211B500B453D7 /* SessionPublisherProtocol.swift in Sources */,
				3A71BE6823F2B372009D092E /* HttpHeaderModifiable.swift in Sources */,
				3A6CB09825277886002FDC82 /* ResponseCarrier.swift in Sources */,
				3AE34B3F23F2232100B453D7 /* AuthenticatedWebService.swift in Sources */,
				3AE34B3423F2124100B453D7 /* FusionError.swift in Sources */,
				3AE34B3623F2143900B453D7 /* WebServiceExecutable.swift in Sources */,
				3A6CB096252768AB002FDC82 /* Publisher+WebService.swift in Sources */,
				3AE34B3823F214C100B453D7 /* WebService.swift in Sources */,
				3AE34B4323F2245A00B453D7 /* AuthenticationTokenProvidable.swift in Sources */,
			);
			runOnlyForDeploymentPostprocessing = 0;
		};
		3AE34B1C23F2056B00B453D7 /* Sources */ = {
			isa = PBXSourcesBuildPhase;
			buildActionMask = 2147483647;
			files = (
				3AE1AA1A2538D4DE000C3DEB /* Publisher+DecodableTests.swift in Sources */,
				3A71BE6C23F34BCA009D092E /* MockSession.swift in Sources */,
				3A60170F2530AF0A00B62EEF /* WebServiceTests.swift in Sources */,
				3AC7B89B23FD695500BCE0FE /* AsyncTokenRefreshTests.swift in Sources */,
				3AE1AA10253499D5000C3DEB /* Publisher+HTTPStatusCodeMappingTests.swift in Sources */,
				3A7DD7CB23F449F2001AED72 /* AuthenticatedWebServiceTests.swift in Sources */,
				3A71BE6E23F3504F009D092E /* SampleResponse.swift in Sources */,
			);
			runOnlyForDeploymentPostprocessing = 0;
		};
/* End PBXSourcesBuildPhase section */

/* Begin PBXTargetDependency section */
		3AE34B2323F2056B00B453D7 /* PBXTargetDependency */ = {
			isa = PBXTargetDependency;
			target = 3AE34B1623F2056B00B453D7 /* fusion */;
			targetProxy = 3AE34B2223F2056B00B453D7 /* PBXContainerItemProxy */;
		};
/* End PBXTargetDependency section */

/* Begin XCBuildConfiguration section */
		3AE34B2923F2056B00B453D7 /* Debug */ = {
			isa = XCBuildConfiguration;
			buildSettings = {
				ALWAYS_SEARCH_USER_PATHS = NO;
				CLANG_ANALYZER_NONNULL = YES;
				CLANG_ANALYZER_NUMBER_OBJECT_CONVERSION = YES_AGGRESSIVE;
				CLANG_CXX_LANGUAGE_STANDARD = "gnu++14";
				CLANG_CXX_LIBRARY = "libc++";
				CLANG_ENABLE_MODULES = YES;
				CLANG_ENABLE_OBJC_ARC = YES;
				CLANG_ENABLE_OBJC_WEAK = YES;
				CLANG_WARN_BLOCK_CAPTURE_AUTORELEASING = YES;
				CLANG_WARN_BOOL_CONVERSION = YES;
				CLANG_WARN_COMMA = YES;
				CLANG_WARN_CONSTANT_CONVERSION = YES;
				CLANG_WARN_DEPRECATED_OBJC_IMPLEMENTATIONS = YES;
				CLANG_WARN_DIRECT_OBJC_ISA_USAGE = YES_ERROR;
				CLANG_WARN_DOCUMENTATION_COMMENTS = YES;
				CLANG_WARN_EMPTY_BODY = YES;
				CLANG_WARN_ENUM_CONVERSION = YES;
				CLANG_WARN_INFINITE_RECURSION = YES;
				CLANG_WARN_INT_CONVERSION = YES;
				CLANG_WARN_NON_LITERAL_NULL_CONVERSION = YES;
				CLANG_WARN_OBJC_IMPLICIT_RETAIN_SELF = YES;
				CLANG_WARN_OBJC_LITERAL_CONVERSION = YES;
				CLANG_WARN_OBJC_ROOT_CLASS = YES_ERROR;
				CLANG_WARN_QUOTED_INCLUDE_IN_FRAMEWORK_HEADER = YES;
				CLANG_WARN_RANGE_LOOP_ANALYSIS = YES;
				CLANG_WARN_STRICT_PROTOTYPES = YES;
				CLANG_WARN_SUSPICIOUS_MOVE = YES;
				CLANG_WARN_UNGUARDED_AVAILABILITY = YES_AGGRESSIVE;
				CLANG_WARN_UNREACHABLE_CODE = YES;
				CLANG_WARN__DUPLICATE_METHOD_MATCH = YES;
				COPY_PHASE_STRIP = NO;
				CURRENT_PROJECT_VERSION = 1;
				DEBUG_INFORMATION_FORMAT = dwarf;
				ENABLE_STRICT_OBJC_MSGSEND = YES;
				ENABLE_TESTABILITY = YES;
				GCC_C_LANGUAGE_STANDARD = gnu11;
				GCC_DYNAMIC_NO_PIC = NO;
				GCC_NO_COMMON_BLOCKS = YES;
				GCC_OPTIMIZATION_LEVEL = 0;
				GCC_PREPROCESSOR_DEFINITIONS = (
					"DEBUG=1",
					"$(inherited)",
				);
				GCC_WARN_64_TO_32_BIT_CONVERSION = YES;
				GCC_WARN_ABOUT_RETURN_TYPE = YES_ERROR;
				GCC_WARN_UNDECLARED_SELECTOR = YES;
				GCC_WARN_UNINITIALIZED_AUTOS = YES_AGGRESSIVE;
				GCC_WARN_UNUSED_FUNCTION = YES;
				GCC_WARN_UNUSED_VARIABLE = YES;
				IPHONEOS_DEPLOYMENT_TARGET = 13.0;
				MTL_ENABLE_DEBUG_INFO = INCLUDE_SOURCE;
				MTL_FAST_MATH = YES;
				ONLY_ACTIVE_ARCH = YES;
				SDKROOT = iphoneos;
				SWIFT_ACTIVE_COMPILATION_CONDITIONS = DEBUG;
				SWIFT_OPTIMIZATION_LEVEL = "-Onone";
				VERSIONING_SYSTEM = "apple-generic";
				VERSION_INFO_PREFIX = "";
			};
			name = Debug;
		};
		3AE34B2A23F2056B00B453D7 /* Release */ = {
			isa = XCBuildConfiguration;
			buildSettings = {
				ALWAYS_SEARCH_USER_PATHS = NO;
				CLANG_ANALYZER_NONNULL = YES;
				CLANG_ANALYZER_NUMBER_OBJECT_CONVERSION = YES_AGGRESSIVE;
				CLANG_CXX_LANGUAGE_STANDARD = "gnu++14";
				CLANG_CXX_LIBRARY = "libc++";
				CLANG_ENABLE_MODULES = YES;
				CLANG_ENABLE_OBJC_ARC = YES;
				CLANG_ENABLE_OBJC_WEAK = YES;
				CLANG_WARN_BLOCK_CAPTURE_AUTORELEASING = YES;
				CLANG_WARN_BOOL_CONVERSION = YES;
				CLANG_WARN_COMMA = YES;
				CLANG_WARN_CONSTANT_CONVERSION = YES;
				CLANG_WARN_DEPRECATED_OBJC_IMPLEMENTATIONS = YES;
				CLANG_WARN_DIRECT_OBJC_ISA_USAGE = YES_ERROR;
				CLANG_WARN_DOCUMENTATION_COMMENTS = YES;
				CLANG_WARN_EMPTY_BODY = YES;
				CLANG_WARN_ENUM_CONVERSION = YES;
				CLANG_WARN_INFINITE_RECURSION = YES;
				CLANG_WARN_INT_CONVERSION = YES;
				CLANG_WARN_NON_LITERAL_NULL_CONVERSION = YES;
				CLANG_WARN_OBJC_IMPLICIT_RETAIN_SELF = YES;
				CLANG_WARN_OBJC_LITERAL_CONVERSION = YES;
				CLANG_WARN_OBJC_ROOT_CLASS = YES_ERROR;
				CLANG_WARN_QUOTED_INCLUDE_IN_FRAMEWORK_HEADER = YES;
				CLANG_WARN_RANGE_LOOP_ANALYSIS = YES;
				CLANG_WARN_STRICT_PROTOTYPES = YES;
				CLANG_WARN_SUSPICIOUS_MOVE = YES;
				CLANG_WARN_UNGUARDED_AVAILABILITY = YES_AGGRESSIVE;
				CLANG_WARN_UNREACHABLE_CODE = YES;
				CLANG_WARN__DUPLICATE_METHOD_MATCH = YES;
				COPY_PHASE_STRIP = NO;
				CURRENT_PROJECT_VERSION = 1;
				DEBUG_INFORMATION_FORMAT = "dwarf-with-dsym";
				ENABLE_NS_ASSERTIONS = NO;
				ENABLE_STRICT_OBJC_MSGSEND = YES;
				GCC_C_LANGUAGE_STANDARD = gnu11;
				GCC_NO_COMMON_BLOCKS = YES;
				GCC_WARN_64_TO_32_BIT_CONVERSION = YES;
				GCC_WARN_ABOUT_RETURN_TYPE = YES_ERROR;
				GCC_WARN_UNDECLARED_SELECTOR = YES;
				GCC_WARN_UNINITIALIZED_AUTOS = YES_AGGRESSIVE;
				GCC_WARN_UNUSED_FUNCTION = YES;
				GCC_WARN_UNUSED_VARIABLE = YES;
				IPHONEOS_DEPLOYMENT_TARGET = 13.0;
				MTL_ENABLE_DEBUG_INFO = NO;
				MTL_FAST_MATH = YES;
				SDKROOT = iphoneos;
				SWIFT_COMPILATION_MODE = wholemodule;
				SWIFT_OPTIMIZATION_LEVEL = "-O";
				VALIDATE_PRODUCT = YES;
				VERSIONING_SYSTEM = "apple-generic";
				VERSION_INFO_PREFIX = "";
			};
			name = Release;
		};
		3AE34B2C23F2056B00B453D7 /* Debug */ = {
			isa = XCBuildConfiguration;
			buildSettings = {
				CLANG_ENABLE_MODULES = YES;
				CODE_SIGN_STYLE = Automatic;
				DEFINES_MODULE = YES;
				DYLIB_COMPATIBILITY_VERSION = 1;
				DYLIB_CURRENT_VERSION = 1;
				DYLIB_INSTALL_NAME_BASE = "@rpath";
				INFOPLIST_FILE = Info.plist;
				INSTALL_PATH = "$(LOCAL_LIBRARY_DIR)/Frameworks";
				IPHONEOS_DEPLOYMENT_TARGET = 13.0;
				LD_RUNPATH_SEARCH_PATHS = (
					"$(inherited)",
					"@executable_path/Frameworks",
					"@loader_path/Frameworks",
				);
				MARKETING_VERSION = 0.1.0;
				PRODUCT_BUNDLE_IDENTIFIER = com.fusion;
				PRODUCT_NAME = "$(TARGET_NAME:c99extidentifier)";
				SKIP_INSTALL = YES;
				SWIFT_OPTIMIZATION_LEVEL = "-Onone";
				SWIFT_VERSION = 5.0;
				TARGETED_DEVICE_FAMILY = "1,2";
			};
			name = Debug;
		};
		3AE34B2D23F2056B00B453D7 /* Release */ = {
			isa = XCBuildConfiguration;
			buildSettings = {
				CLANG_ENABLE_MODULES = YES;
				CODE_SIGN_STYLE = Automatic;
				DEFINES_MODULE = YES;
				DYLIB_COMPATIBILITY_VERSION = 1;
				DYLIB_CURRENT_VERSION = 1;
				DYLIB_INSTALL_NAME_BASE = "@rpath";
				INFOPLIST_FILE = Info.plist;
				INSTALL_PATH = "$(LOCAL_LIBRARY_DIR)/Frameworks";
				IPHONEOS_DEPLOYMENT_TARGET = 13.0;
				LD_RUNPATH_SEARCH_PATHS = (
					"$(inherited)",
					"@executable_path/Frameworks",
					"@loader_path/Frameworks",
				);
				MARKETING_VERSION = 0.1.0;
				PRODUCT_BUNDLE_IDENTIFIER = com.fusion;
				PRODUCT_NAME = "$(TARGET_NAME:c99extidentifier)";
				SKIP_INSTALL = YES;
				SWIFT_VERSION = 5.0;
				TARGETED_DEVICE_FAMILY = "1,2";
			};
			name = Release;
		};
		3AE34B2F23F2056B00B453D7 /* Debug */ = {
			isa = XCBuildConfiguration;
			buildSettings = {
				ALWAYS_EMBED_SWIFT_STANDARD_LIBRARIES = YES;
				CLANG_ENABLE_MODULES = YES;
				CODE_SIGN_STYLE = Automatic;
				INFOPLIST_FILE = Tests/Info.plist;
				LD_RUNPATH_SEARCH_PATHS = (
					"$(inherited)",
					"@executable_path/Frameworks",
					"@loader_path/Frameworks",
				);
				PRODUCT_BUNDLE_IDENTIFIER = com.fusionTests;
				PRODUCT_NAME = "$(TARGET_NAME)";
				SWIFT_OPTIMIZATION_LEVEL = "-Onone";
				SWIFT_VERSION = 5.0;
				TARGETED_DEVICE_FAMILY = "1,2";
			};
			name = Debug;
		};
		3AE34B3023F2056B00B453D7 /* Release */ = {
			isa = XCBuildConfiguration;
			buildSettings = {
				ALWAYS_EMBED_SWIFT_STANDARD_LIBRARIES = YES;
				CLANG_ENABLE_MODULES = YES;
				CODE_SIGN_STYLE = Automatic;
				INFOPLIST_FILE = Tests/Info.plist;
				LD_RUNPATH_SEARCH_PATHS = (
					"$(inherited)",
					"@executable_path/Frameworks",
					"@loader_path/Frameworks",
				);
				PRODUCT_BUNDLE_IDENTIFIER = com.fusionTests;
				PRODUCT_NAME = "$(TARGET_NAME)";
				SWIFT_VERSION = 5.0;
				TARGETED_DEVICE_FAMILY = "1,2";
			};
			name = Release;
		};
/* End XCBuildConfiguration section */

/* Begin XCConfigurationList section */
		3AE34B1123F2056B00B453D7 /* Build configuration list for PBXProject "fusion" */ = {
			isa = XCConfigurationList;
			buildConfigurations = (
				3AE34B2923F2056B00B453D7 /* Debug */,
				3AE34B2A23F2056B00B453D7 /* Release */,
			);
			defaultConfigurationIsVisible = 0;
			defaultConfigurationName = Release;
		};
		3AE34B2B23F2056B00B453D7 /* Build configuration list for PBXNativeTarget "fusion" */ = {
			isa = XCConfigurationList;
			buildConfigurations = (
				3AE34B2C23F2056B00B453D7 /* Debug */,
				3AE34B2D23F2056B00B453D7 /* Release */,
			);
			defaultConfigurationIsVisible = 0;
			defaultConfigurationName = Release;
		};
		3AE34B2E23F2056B00B453D7 /* Build configuration list for PBXNativeTarget "fusionTests" */ = {
			isa = XCConfigurationList;
			buildConfigurations = (
				3AE34B2F23F2056B00B453D7 /* Debug */,
				3AE34B3023F2056B00B453D7 /* Release */,
			);
			defaultConfigurationIsVisible = 0;
			defaultConfigurationName = Release;
		};
/* End XCConfigurationList section */

/* Begin XCRemoteSwiftPackageReference section */
		3A7DD7C623F441C9001AED72 /* XCRemoteSwiftPackageReference "Entwine" */ = {
			isa = XCRemoteSwiftPackageReference;
			repositoryURL = "https://github.com/tcldr/Entwine.git";
			requirement = {
				kind = upToNextMajorVersion;
				minimumVersion = 0.8.0;
			};
		};
/* End XCRemoteSwiftPackageReference section */

/* Begin XCSwiftPackageProductDependency section */
		3A7DD7C723F441C9001AED72 /* EntwineTest */ = {
			isa = XCSwiftPackageProductDependency;
			package = 3A7DD7C623F441C9001AED72 /* XCRemoteSwiftPackageReference "Entwine" */;
			productName = EntwineTest;
		};
/* End XCSwiftPackageProductDependency section */
	};
	rootObject = 3AE34B0E23F2056B00B453D7 /* Project object */;
}
